
Microsoft Visual Studio Solution File, Format Version 12.00
# Visual Studio Version 17
VisualStudioVersion = 17.5.33424.131
MinimumVisualStudioVersion = 10.0.40219.1
Project("{8BC9CEB8-8B4A-11D0-8D11-00A0C91BC942}") = "Sinhvien_Lop_Truong-TranHoaiPhu-22521106", "Sinhvien_Lop_Truong-TranHoaiPhu-22521106\Sinhvien_Lop_Truong-TranHoaiPhu-22521106.vcxproj", "{E1D12BC4-F754-4726-BFD0-2A3A10832882}"
EndProject
Global
	GlobalSection(SolutionConfigurationPlatforms) = preSolution
		Debug|x64 = Debug|x64
		Debug|x86 = Debug|x86
		Release|x64 = Release|x64
		Release|x86 = Release|x86
	EndGlobalSection
	GlobalSection(ProjectConfigurationPlatforms) = postSolution
		{E1D12BC4-F754-4726-BFD0-2A3A10832882}.Debug|x64.ActiveCfg = Debug|x64
		{E1D12BC4-F754-4726-BFD0-2A3A10832882}.Debug|x64.Build.0 = Debug|x64
		{E1D12BC4-F754-4726-BFD0-2A3A10832882}.Debug|x86.ActiveCfg = Debug|Win32
		{E1D12BC4-F754-4726-BFD0-2A3A10832882}.Debug|x86.Build.0 = Debug|Win32
		{E1D12BC4-F754-4726-BFD0-2A3A10832882}.Release|x64.ActiveCfg = Release|x64
		{E1D12BC4-F754-4726-BFD0-2A3A10832882}.Release|x64.Build.0 = Release|x64
		{E1D12BC4-F754-4726-BFD0-2A3A10832882}.Release|x86.ActiveCfg = Release|Win32
		{E1D12BC4-F754-4726-BFD0-2A3A10832882}.Release|x86.Build.0 = Release|Win32
	EndGlobalSection
	GlobalSection(SolutionProperties) = preSolution
		HideSolutionNode = FALSE
	EndGlobalSection
	GlobalSection(ExtensibilityGlobals) = postSolution
		SolutionGuid = {2738E82D-7AB5-4537-A79C-F06017C7F02F}
	EndGlobalSection
EndGlobal
